# THIS IS AN AUTOGENERATED FILE. DO NOT EDIT THIS FILE DIRECTLY.
# yarn lockfile v1


"@babel/runtime@^7.9.2":
  version "7.17.2"
  resolved "https://registry.yarnpkg.com/@babel/runtime/-/runtime-7.17.2.tgz#66f68591605e59da47523c631416b18508779941"
  integrity sha512-hzeyJyMA1YGdJTuWU0e/j4wKXrU4OMFvY2MSlaI9B7VQb0r5cxTE3EAIS2Q7Tn2RIcDkRvTA/v2JsAEhxe99uw==
  dependencies:
    regenerator-runtime "^0.13.4"

"@thi.ng/api@^8.3.2", "@thi.ng/api@^8.3.3":
  version "8.3.3"
  resolved "https://registry.yarnpkg.com/@thi.ng/api/-/api-8.3.3.tgz#9e43d15c096f5a2990a7cf4633d3c7c8cea34e23"
  integrity sha512-P7rnhwTvZYj6MZ8TG45Dv4E//FamDTj752qu6sZZr6OFy7+OTHditNdA03y+WWjp5lvCCnxDFcruRfgglS4wGg==

"@thi.ng/arrays@^2.1.2", "@thi.ng/arrays@^2.1.3":
  version "2.1.3"
  resolved "https://registry.yarnpkg.com/@thi.ng/arrays/-/arrays-2.1.3.tgz#5d8452b937aa252a9beb5ef9e1b0af416f3b8f4d"
  integrity sha512-GoE6U4OwSWk8B6isBgRI5YfQCsChETL4wGtuOPtexrDEi6yBTZG6dIXCyWLfrhFDI0tTUiKsfTDaYa2FHA0ICA==
  dependencies:
    "@thi.ng/api" "^8.3.3"
    "@thi.ng/checks" "^3.1.3"
    "@thi.ng/compare" "^2.1.3"
    "@thi.ng/equiv" "^2.1.3"
    "@thi.ng/errors" "^2.1.3"
    "@thi.ng/random" "^3.2.3"

"@thi.ng/binary@^3.1.2", "@thi.ng/binary@^3.1.3":
  version "3.1.3"
  resolved "https://registry.yarnpkg.com/@thi.ng/binary/-/binary-3.1.3.tgz#3fde90fe55fff62cad256d7c78c5c0a814e4ecc4"
  integrity sha512-b8pcmwYXhhzFewqiLQ0IV9f6p67JMsa8s7pB/WqWDADra61oePK9YHfSiUB8CywujoeHGvL26AriwIE56sY97A==
  dependencies:
    "@thi.ng/api" "^8.3.3"

"@thi.ng/checks@^3.1.2", "@thi.ng/checks@^3.1.3":
  version "3.1.3"
  resolved "https://registry.yarnpkg.com/@thi.ng/checks/-/checks-3.1.3.tgz#6afe7f57fbf296542932502a2789b5662d610b43"
  integrity sha512-59dMUqbFDF3VrTzNBfrO6OvpUJ7x0xcFAOkpO+gyJ7w9EAdPb8EF/Sl9vLdOIPAmUddypEx4r/x+2/BS5jmXiA==
  dependencies:
    tslib "^2.3.1"

"@thi.ng/color@^4.1.4", "@thi.ng/color@^4.1.7":
  version "4.1.7"
  resolved "https://registry.yarnpkg.com/@thi.ng/color/-/color-4.1.7.tgz#3e75ac42710df12221037683c1f307f5342bf83b"
  integrity sha512-QsfkY/8f7L4ebWFb037Dnoz05VRXXL/kDy4/qWtXqRM4W4G1acCWRUIRtdYtVcHDycNXneEyshgTOw3r5//wRw==
  dependencies:
    "@thi.ng/api" "^8.3.3"
    "@thi.ng/arrays" "^2.1.3"
    "@thi.ng/binary" "^3.1.3"
    "@thi.ng/checks" "^3.1.3"
    "@thi.ng/compare" "^2.1.3"
    "@thi.ng/compose" "^2.1.3"
    "@thi.ng/defmulti" "^2.1.3"
    "@thi.ng/errors" "^2.1.3"
    "@thi.ng/math" "^5.2.0"
    "@thi.ng/random" "^3.2.3"
    "@thi.ng/strings" "^3.3.1"
    "@thi.ng/transducers" "^8.2.0"
    "@thi.ng/vectors" "^7.4.3"

"@thi.ng/compare@^2.1.3":
  version "2.1.3"
  resolved "https://registry.yarnpkg.com/@thi.ng/compare/-/compare-2.1.3.tgz#0e6170f9de0aa859daddfed52f7ced552ba6e39e"
  integrity sha512-35db4UwsJgcKBwSyBDqoeGF/qVTqiBJITxtJMh9qfHGdpWz26cmNOdTQA85/n7YbYUO3g3QIFnqFpaCG+h12Ag==
  dependencies:
    "@thi.ng/api" "^8.3.3"

"@thi.ng/compose@^2.1.3":
  version "2.1.3"
  resolved "https://registry.yarnpkg.com/@thi.ng/compose/-/compose-2.1.3.tgz#a74016db3cbf36db29f57ec64918dbd10c81335c"
  integrity sha512-tyJMLt1AOLLHd/zrhlEvQuXyk1j69/2yV7fZ6/11m+S2ipnINQLIihw5lAmN9dV65z5T+A5fdzuGpFOApXgdnw==
  dependencies:
    "@thi.ng/api" "^8.3.3"
    "@thi.ng/errors" "^2.1.3"

"@thi.ng/defmulti@^2.1.3":
  version "2.1.3"
  resolved "https://registry.yarnpkg.com/@thi.ng/defmulti/-/defmulti-2.1.3.tgz#c5a1a0ccd0a3cc8865ded7cb6504e7b513ee927c"
  integrity sha512-bPRzwkFFaWLO8I4FtlLl+vdD82FDmbtBxSdnLFZ4uuzTnqv35xUL+2ZOEu5SD9yHAnRlSFWirO0XsOdQRFRDlQ==
  dependencies:
    "@thi.ng/api" "^8.3.3"
    "@thi.ng/errors" "^2.1.3"
    "@thi.ng/logger" "^1.1.3"

"@thi.ng/distance@^2.1.4":
  version "2.1.7"
  resolved "https://registry.yarnpkg.com/@thi.ng/distance/-/distance-2.1.7.tgz#e9c1687d14d650b1a4bf023bbddb7faf6a84a826"
  integrity sha512-bQiowroB02j67WUmb9OcjQhE9YCHUcvDWZSvTj6QoeSZrNe0UpXyRpzI/f6rT0l+3VLevrWpZDn0xz3F2s8n0g==
  dependencies:
    "@thi.ng/api" "^8.3.3"
    "@thi.ng/checks" "^3.1.3"
    "@thi.ng/errors" "^2.1.3"
    "@thi.ng/heaps" "^2.1.3"
    "@thi.ng/math" "^5.2.0"
    "@thi.ng/vectors" "^7.4.3"

"@thi.ng/equiv@^2.1.3":
  version "2.1.3"
  resolved "https://registry.yarnpkg.com/@thi.ng/equiv/-/equiv-2.1.3.tgz#be33a5f4906df8f853f12ecb256f7920efe738fd"
  integrity sha512-F80On/wBwYi2NU55DKXzsNyKldm4wLE6wXvYmYz/RVU81eKDdaOWEp8s4ghlm4VfD7tOIpItS6WfoZgFZm98QQ==

"@thi.ng/errors@^2.1.2", "@thi.ng/errors@^2.1.3":
  version "2.1.3"
  resolved "https://registry.yarnpkg.com/@thi.ng/errors/-/errors-2.1.3.tgz#5b71c26085f0dd44eec19229535b05fb28f53b41"
  integrity sha512-1DTxCFo8ucEtKGJm/n1Uptz4iCw1qR2sA20bJXCh0AJHlhbjwuEE/Px7Mi9izzjhH5dG3PBSQ3yoLU9Rzj9DeA==

"@thi.ng/geom-api@^3.1.4", "@thi.ng/geom-api@^3.1.7":
  version "3.1.7"
  resolved "https://registry.yarnpkg.com/@thi.ng/geom-api/-/geom-api-3.1.7.tgz#65f16e901dd08bd1cd81475ca3d11a0a1a12a9d6"
  integrity sha512-RppRRsAv5kCh/VNOczTpawgYdcMy9Xuzg+gvQn9pE4grM082Pk6ao2Bl0xh6rEM3WkWBL38Dp1EzEkD/PqUFDg==
  dependencies:
    "@thi.ng/api" "^8.3.3"
    "@thi.ng/vectors" "^7.4.3"

"@thi.ng/geom-arc@^2.1.7":
  version "2.1.7"
  resolved "https://registry.yarnpkg.com/@thi.ng/geom-arc/-/geom-arc-2.1.7.tgz#106d72291bf165d64d35cb92d43a7d329ea8470d"
  integrity sha512-PD6p0L+YUxf0zrPLSEFhQ9tnULYwUzhurs7yqA7tAe7IiKbQ993TyjLCG/lImxGpk3WQHTYp80RRT0Pmgq++ew==
  dependencies:
    "@thi.ng/checks" "^3.1.3"
    "@thi.ng/geom-api" "^3.1.7"
    "@thi.ng/geom-resample" "^2.1.7"
    "@thi.ng/math" "^5.2.0"
    "@thi.ng/vectors" "^7.4.3"

"@thi.ng/geom-clip-line@^2.1.7":
  version "2.1.7"
  resolved "https://registry.yarnpkg.com/@thi.ng/geom-clip-line/-/geom-clip-line-2.1.7.tgz#a648104fa5ede328320fbb99b3cdfae1838088ed"
  integrity sha512-YWAZBl/rJo01W8IkZQHtUlPlv0kWUCpSIbQ1wegix70buWdN222v34lsGMAJUtPjRTd9baN4jJYwFPD8a8OaVw==
  dependencies:
    "@thi.ng/api" "^8.3.3"
    "@thi.ng/geom-isec" "^2.1.7"
    "@thi.ng/vectors" "^7.4.3"

"@thi.ng/geom-clip-poly@^2.1.7":
  version "2.1.7"
  resolved "https://registry.yarnpkg.com/@thi.ng/geom-clip-poly/-/geom-clip-poly-2.1.7.tgz#5f718e3abda69c69b3e6c094cd470373871a2550"
  integrity sha512-Mse8ljcGlgS99kHkoOedPI8ZIeS9GbPUFRII/KZxUWsEI3pnyaFbCskQqA7NYwXzWUBWNdUCzBXRZ2hJMpBJGQ==
  dependencies:
    "@thi.ng/geom-isec" "^2.1.7"
    "@thi.ng/geom-poly-utils" "^2.1.7"
    "@thi.ng/math" "^5.2.0"
    "@thi.ng/vectors" "^7.4.3"

"@thi.ng/geom-closest-point@^2.1.7":
  version "2.1.7"
  resolved "https://registry.yarnpkg.com/@thi.ng/geom-closest-point/-/geom-closest-point-2.1.7.tgz#28ae4f00eae812f6003e2a70850bb2d471bc9898"
  integrity sha512-9OwbpnJomVgzAn8XJapX4A0q+9mImiY/Q+HjOz4mJgahlkzEucUlDcgBPpE36A0ZQy4yJyrbg86exMBSP6GVqg==
  dependencies:
    "@thi.ng/api" "^8.3.3"
    "@thi.ng/math" "^5.2.0"
    "@thi.ng/vectors" "^7.4.3"

"@thi.ng/geom-hull@^2.1.7":
  version "2.1.7"
  resolved "https://registry.yarnpkg.com/@thi.ng/geom-hull/-/geom-hull-2.1.7.tgz#1a3e0ee8d0f514916a4408c80a8e0b12eafe6def"
  integrity sha512-FsJCnIs5urYRFexeIZmJ+PxUbzgKsngfFak/dQEYELj7Miu//qZIW/KxTD0iJpmjouJ7eV85WVqS+wVIkuIngw==
  dependencies:
    "@thi.ng/math" "^5.2.0"
    "@thi.ng/vectors" "^7.4.3"

"@thi.ng/geom-isec@^2.1.7":
  version "2.1.7"
  resolved "https://registry.yarnpkg.com/@thi.ng/geom-isec/-/geom-isec-2.1.7.tgz#759cb545e3b043b1188ecbe637c4a56b07652daa"
  integrity sha512-zcTQZ1StFAKKHEC/l4hFFXWUcrhSQ15dIKgfMxJBgiTegEh+RqtjsdAIabmz6DPjjozJB2pd741Ai0vFuxEgKw==
  dependencies:
    "@thi.ng/api" "^8.3.3"
    "@thi.ng/geom-api" "^3.1.7"
    "@thi.ng/geom-closest-point" "^2.1.7"
    "@thi.ng/math" "^5.2.0"
    "@thi.ng/vectors" "^7.4.3"

"@thi.ng/geom-poly-utils@^2.1.7":
  version "2.1.7"
  resolved "https://registry.yarnpkg.com/@thi.ng/geom-poly-utils/-/geom-poly-utils-2.1.7.tgz#254198012c5acff5498357be4cf047e31259a567"
  integrity sha512-qDOdGXY3D2mndPIHfga7W41o+iRU0DKQ4Op+y3uNANCv6D/dBeLGGTCZbjE8Qd2VYjdchP9ltQOBT0QQlBcRPw==
  dependencies:
    "@thi.ng/api" "^8.3.3"
    "@thi.ng/errors" "^2.1.3"
    "@thi.ng/geom-api" "^3.1.7"
    "@thi.ng/math" "^5.2.0"
    "@thi.ng/vectors" "^7.4.3"

"@thi.ng/geom-resample@^2.1.7":
  version "2.1.7"
  resolved "https://registry.yarnpkg.com/@thi.ng/geom-resample/-/geom-resample-2.1.7.tgz#be0275724eff7555b59e2a992df0eb3d23966ff5"
  integrity sha512-K+S0hUuaf4n0/mc3skQTRob81k6hf1Bllz43rMaoPxaUZ05+2GtslwzhYGEFuyabVhH3p7zbnJ8LUe7KKfAobA==
  dependencies:
    "@thi.ng/checks" "^3.1.3"
    "@thi.ng/geom-api" "^3.1.7"
    "@thi.ng/geom-closest-point" "^2.1.7"
    "@thi.ng/math" "^5.2.0"
    "@thi.ng/vectors" "^7.4.3"

"@thi.ng/geom-splines@^2.1.7":
  version "2.1.7"
  resolved "https://registry.yarnpkg.com/@thi.ng/geom-splines/-/geom-splines-2.1.7.tgz#23f427192d1f4a73eae37d33651a5358b602d09c"
  integrity sha512-AP7RMFtqEeOayhrV1ie495Hn6leO3tzV3zz3etzTBI5lLwBohPAeuDK6cN0nazr4TspGGaZeCoT0+Nobr7/yZg==
  dependencies:
    "@thi.ng/api" "^8.3.3"
    "@thi.ng/checks" "^3.1.3"
    "@thi.ng/geom-api" "^3.1.7"
    "@thi.ng/geom-arc" "^2.1.7"
    "@thi.ng/geom-resample" "^2.1.7"
    "@thi.ng/math" "^5.2.0"
    "@thi.ng/vectors" "^7.4.3"

"@thi.ng/geom-subdiv-curve@^2.1.7":
  version "2.1.7"
  resolved "https://registry.yarnpkg.com/@thi.ng/geom-subdiv-curve/-/geom-subdiv-curve-2.1.7.tgz#b22d744d5c50d9787321207a60178de5ba08e351"
  integrity sha512-sXOWaqMrpv/bVXVo0DyFzOB16HzmydVcOw3sgi0YYy4df+cl5B4ulBtukGsUFcJHfKZr/nj3buqumE904wBVrA==
  dependencies:
    "@thi.ng/api" "^8.3.3"
    "@thi.ng/geom-api" "^3.1.7"
    "@thi.ng/transducers" "^8.2.0"
    "@thi.ng/vectors" "^7.4.3"

"@thi.ng/geom-tessellate@^2.1.7":
  version "2.1.7"
  resolved "https://registry.yarnpkg.com/@thi.ng/geom-tessellate/-/geom-tessellate-2.1.7.tgz#2955a71cfe6e214d58c35d15315a7912018d77c2"
  integrity sha512-zSs5gYkiZEw+cEWZd337C0ormxHVo3oqlgY/NyLx9kgYrnnSXAsKV4DZkWl+81DUvk2KUoz7YupWct569RGBjw==
  dependencies:
    "@thi.ng/checks" "^3.1.3"
    "@thi.ng/geom-api" "^3.1.7"
    "@thi.ng/geom-isec" "^2.1.7"
    "@thi.ng/geom-poly-utils" "^2.1.7"
    "@thi.ng/transducers" "^8.2.0"
    "@thi.ng/vectors" "^7.4.3"

"@thi.ng/geom@^3.1.4":
  version "3.1.7"
  resolved "https://registry.yarnpkg.com/@thi.ng/geom/-/geom-3.1.7.tgz#c038edf7fbfb21670621bcea761d364cf131643d"
  integrity sha512-o0MfxudzBPq9ss35vkvZgdr7h2NDSBIAjKRD9tfYnklZ8uOGLRwOaZZT4G1YCXW+fFkxInzROiulRPL/2Nun/Q==
  dependencies:
    "@thi.ng/api" "^8.3.3"
    "@thi.ng/arrays" "^2.1.3"
    "@thi.ng/checks" "^3.1.3"
    "@thi.ng/defmulti" "^2.1.3"
    "@thi.ng/equiv" "^2.1.3"
    "@thi.ng/errors" "^2.1.3"
    "@thi.ng/geom-api" "^3.1.7"
    "@thi.ng/geom-arc" "^2.1.7"
    "@thi.ng/geom-clip-line" "^2.1.7"
    "@thi.ng/geom-clip-poly" "^2.1.7"
    "@thi.ng/geom-closest-point" "^2.1.7"
    "@thi.ng/geom-hull" "^2.1.7"
    "@thi.ng/geom-isec" "^2.1.7"
    "@thi.ng/geom-poly-utils" "^2.1.7"
    "@thi.ng/geom-resample" "^2.1.7"
    "@thi.ng/geom-splines" "^2.1.7"
    "@thi.ng/geom-subdiv-curve" "^2.1.7"
    "@thi.ng/geom-tessellate" "^2.1.7"
    "@thi.ng/hiccup" "^4.2.4"
    "@thi.ng/hiccup-svg" "^4.2.7"
    "@thi.ng/math" "^5.2.0"
    "@thi.ng/matrices" "^2.1.7"
    "@thi.ng/random" "^3.2.3"
    "@thi.ng/strings" "^3.3.1"
    "@thi.ng/transducers" "^8.2.0"
    "@thi.ng/vectors" "^7.4.3"

"@thi.ng/heaps@^2.1.3":
  version "2.1.3"
  resolved "https://registry.yarnpkg.com/@thi.ng/heaps/-/heaps-2.1.3.tgz#8151049b702e9eb22db25cb512e2d1ffbeeb8fd4"
  integrity sha512-/ryLiclTWkZ+YT9GPunyxHmy0aj3c4aIbO2BGhtRvd9DocaA38mJGEgoHaQusj7Xt1PctfrKnAoaS0/26SsVng==
  dependencies:
    "@thi.ng/api" "^8.3.3"
    "@thi.ng/compare" "^2.1.3"
    "@thi.ng/equiv" "^2.1.3"

"@thi.ng/hex@^2.1.3":
  version "2.1.3"
  resolved "https://registry.yarnpkg.com/@thi.ng/hex/-/hex-2.1.3.tgz#34ad0a03302981c80cdf7194c8abe7b6a90ef721"
  integrity sha512-uCX4w4Jqu7KnB6pMdqHNT01gNm7tfsbAmciCobVV+iA4XuhgdPl7YD5w41Fq7y0VmD/oKoXASjKGvLpMgdqDew==

"@thi.ng/hiccup-svg@^4.2.7":
  version "4.2.7"
  resolved "https://registry.yarnpkg.com/@thi.ng/hiccup-svg/-/hiccup-svg-4.2.7.tgz#9a148edb44fcb44c5b44f7c30087034938b80c2a"
  integrity sha512-Sd3ex8SSOOyK6qyE7heOc2apwBYesGhFkbeZN99PWDJr8mqqfUjPmJRuDUYWIjX7jzam00lpQrujFANbvvVIRg==
  dependencies:
    "@thi.ng/checks" "^3.1.3"
    "@thi.ng/color" "^4.1.7"
    "@thi.ng/prefixes" "^2.1.3"

"@thi.ng/hiccup@^4.2.4":
  version "4.2.4"
  resolved "https://registry.yarnpkg.com/@thi.ng/hiccup/-/hiccup-4.2.4.tgz#0e919dc7b1e86887ea176870109495025c45e5aa"
  integrity sha512-5wPGcV3aSDqx/cHkYKucK0qm9UN7QHd4yEBV61WWCaaX1bQnwjgw50gocLBW+llZ9XUhZztm8NPWa0GLM5NCkw==
  dependencies:
    "@thi.ng/api" "^8.3.3"
    "@thi.ng/checks" "^3.1.3"
    "@thi.ng/errors" "^2.1.3"
    "@thi.ng/strings" "^3.3.1"

"@thi.ng/logger@^1.1.3":
  version "1.1.3"
  resolved "https://registry.yarnpkg.com/@thi.ng/logger/-/logger-1.1.3.tgz#028c6f47c244ff0de73c70e812991fe7060a3521"
  integrity sha512-lZ12BFKnBa4FLpB9RLGGUL/CXta3oaCku80YwyQNuf2sf35ZKWh29TF4g/3gVSDP+EbGyiLTvayAvTY9mhQTBw==

"@thi.ng/math@^5.1.2", "@thi.ng/math@^5.2.0":
  version "5.2.0"
  resolved "https://registry.yarnpkg.com/@thi.ng/math/-/math-5.2.0.tgz#32d3955943ed33b3a47efaf53ee12bfc790bc9ad"
  integrity sha512-s2eU7zzW0LV8OMN2Y8y3O0ZzCzLTqC9TjQMO4td026YZ9nfyEHg8lebVFmQEEZUvVRMXCdfKQRA08KqBXjkcig==
  dependencies:
    "@thi.ng/api" "^8.3.3"

"@thi.ng/matrices@^2.1.4", "@thi.ng/matrices@^2.1.7":
  version "2.1.7"
  resolved "https://registry.yarnpkg.com/@thi.ng/matrices/-/matrices-2.1.7.tgz#0c6da0076e50917c328029a88dd83bf3ef1ffbcf"
  integrity sha512-Sl8o+ZVOYbRW2sC5PKeA36bwWwMEUU6nyMhTrnftLBaKMtLQk607NkJQ7rTPCGpiLs9zv7Hxs1TY6/SHYuAnqQ==
  dependencies:
    "@thi.ng/api" "^8.3.3"
    "@thi.ng/checks" "^3.1.3"
    "@thi.ng/math" "^5.2.0"
    "@thi.ng/vectors" "^7.4.3"

"@thi.ng/memoize@^3.1.3":
  version "3.1.3"
  resolved "https://registry.yarnpkg.com/@thi.ng/memoize/-/memoize-3.1.3.tgz#fc4cedf4d1f1b55b707bdc844e4cd36af9ec44ed"
  integrity sha512-OGB+qJf3x6XBzZnjaxFbyYRitp1TUsFtQEaCAryiWPEQWHvaRHPKE3CH8kqwx877B3UnQDuVNSXCs/JhHTbn/w==
  dependencies:
    "@thi.ng/api" "^8.3.3"

"@thi.ng/prefixes@^2.1.3":
  version "2.1.3"
  resolved "https://registry.yarnpkg.com/@thi.ng/prefixes/-/prefixes-2.1.3.tgz#ad827285e150de90e7e427790a2866c6f305847e"
  integrity sha512-a5BLGYtmG7mAcahYIOvEk2TI970W1urZtSD2xIV5vZhUsi0IsJ4RcbCEFDgePCzjPnYV5RU3YL4Xf9YCucifjQ==

"@thi.ng/random@^3.2.2", "@thi.ng/random@^3.2.3":
  version "3.2.3"
  resolved "https://registry.yarnpkg.com/@thi.ng/random/-/random-3.2.3.tgz#c250dbcea28a3ab2d616e746df70a61838217098"
  integrity sha512-41Yvgfh5HdkJHg85f2LSKjxjkt4jL1z1AN7aqSPfmSvyM8Id+PX99a95vfIQWjmWp9wAM1s1Iv0GsHx+SYbE+w==
  dependencies:
    "@thi.ng/api" "^8.3.3"
    "@thi.ng/checks" "^3.1.3"
    "@thi.ng/errors" "^2.1.3"
    "@thi.ng/hex" "^2.1.3"

"@thi.ng/strings@^3.2.2", "@thi.ng/strings@^3.3.1":
  version "3.3.1"
  resolved "https://registry.yarnpkg.com/@thi.ng/strings/-/strings-3.3.1.tgz#528256064f157c71eb53041931be0d17cd7f624b"
  integrity sha512-d4Ei/e4R5mpJ2EiTA2HfVxImDHWPf/Uf9lWfulXA/BaPQEN8CpmQx6AYBFHhG1d5a+T27RLJv9fk4IbSPBML1Q==
  dependencies:
    "@thi.ng/api" "^8.3.3"
    "@thi.ng/errors" "^2.1.3"
    "@thi.ng/hex" "^2.1.3"
    "@thi.ng/memoize" "^3.1.3"

"@thi.ng/transducers@^8.1.2", "@thi.ng/transducers@^8.2.0":
  version "8.2.0"
  resolved "https://registry.yarnpkg.com/@thi.ng/transducers/-/transducers-8.2.0.tgz#3946303a7a7a9b952ba188d90a9d1c7c2fab4377"
  integrity sha512-PEoxiZjeM3vV2WIBG0zkf0fDo0Do39iD3wMREJ4w5myqEs5uSmqep3umhpcSee77mJw5oaMD892qq/0IzLvFxQ==
  dependencies:
    "@thi.ng/api" "^8.3.3"
    "@thi.ng/arrays" "^2.1.3"
    "@thi.ng/checks" "^3.1.3"
    "@thi.ng/compare" "^2.1.3"
    "@thi.ng/compose" "^2.1.3"
    "@thi.ng/errors" "^2.1.3"
    "@thi.ng/math" "^5.2.0"
    "@thi.ng/random" "^3.2.3"

"@thi.ng/vectors@^7.4.0", "@thi.ng/vectors@^7.4.3":
  version "7.4.3"
  resolved "https://registry.yarnpkg.com/@thi.ng/vectors/-/vectors-7.4.3.tgz#e3022e77b9a9a9782993790c0745d3e0e2f47382"
  integrity sha512-f/SZm/JB0UXJttvl092vLTUPbXQdOS/HbsbtO3bb3B1q+tzvnTQPZ+SEBP3KgNI9aS+QuxQ6Ilw7SSl0HYtFww==
  dependencies:
    "@thi.ng/api" "^8.3.3"
    "@thi.ng/binary" "^3.1.3"
    "@thi.ng/checks" "^3.1.3"
    "@thi.ng/equiv" "^2.1.3"
    "@thi.ng/errors" "^2.1.3"
    "@thi.ng/math" "^5.2.0"
    "@thi.ng/memoize" "^3.1.3"
    "@thi.ng/random" "^3.2.3"
    "@thi.ng/strings" "^3.3.1"
    "@thi.ng/transducers" "^8.2.0"

abs-svg-path@^0.1.1:
  version "0.1.1"
  resolved "https://registry.yarnpkg.com/abs-svg-path/-/abs-svg-path-0.1.1.tgz#df601c8e8d2ba10d4a76d625e236a9a39c2723bf"
  integrity sha1-32Acjo0roQ1KdtYl4japo5wnI78=

adaptive-bezier-curve@^1.0.3:
  version "1.0.3"
  resolved "https://registry.yarnpkg.com/adaptive-bezier-curve/-/adaptive-bezier-curve-1.0.3.tgz#477577abe87d7280d46ca41649f6c22646fe8227"
  integrity sha1-R3V3q+h9coDUbKQWSfbCJkb+gic=

almost-equal@0.0.0:
  version "0.0.0"
  resolved "https://registry.yarnpkg.com/almost-equal/-/almost-equal-0.0.0.tgz#e7a5a6b3457b67c83ee0044f9a8d07637355f02d"
  integrity sha1-56Wms0V7Z8g+4ARPmo0HY3NV8C0=

almost-equal@^1.1.0:
  version "1.1.0"
  resolved "https://registry.yarnpkg.com/almost-equal/-/almost-equal-1.1.0.tgz#f851c631138757994276aa2efbe8dfa3066cccdd"
  integrity sha1-+FHGMROHV5lCdqou++jfowZszN0=

an-array@^1.0.0:
  version "1.0.0"
  resolved "https://registry.yarnpkg.com/an-array/-/an-array-1.0.0.tgz#c125a5bb8257778e35f4b4f6aa9c7d0fa9e42665"
  integrity sha1-wSWlu4JXd4419LT2qpx9D6nkJmU=

array-almost-equal@^1.0.0:
  version "1.0.0"
  resolved "https://registry.yarnpkg.com/array-almost-equal/-/array-almost-equal-1.0.0.tgz#43c54ff435042e9cbfa4212ac49ada5fc7359fc5"
  integrity sha1-Q8VP9DUELpy/pCEqxJraX8c1n8U=
  dependencies:
    almost-equal "0.0.0"
    an-array "^1.0.0"

canvas-sketch-util@^1.10.0:
  version "1.10.0"
  resolved "https://registry.yarnpkg.com/canvas-sketch-util/-/canvas-sketch-util-1.10.0.tgz#93d11aa378f8991ed0837d1bf8ea738132f41f1e"
  integrity sha512-IiJWEQDBinl6KZVLYcdp79ZJXXKsS1HuDUoWtwWh0NJMVUA6jaM0pxcBRYiaujBXjQFPT91pl8L9iFFmma3+zA==
  dependencies:
    abs-svg-path "^0.1.1"
    almost-equal "^1.1.0"
    array-almost-equal "^1.0.0"
    clone "^2.1.2"
    color-luminance "^2.1.0"
    convert-length "^1.0.1"
    d3-path "^1.0.8"
    defined "^1.0.0"
    float-hsl2rgb "^1.0.2"
    float-rgb2hsl "^1.0.1"
    lineclip "^1.1.5"
    normalize-svg-path "^1.0.1"
    parse-color "^1.0.0"
    parse-svg-path "^0.1.2"
    primitive-quad "^2.0.0"
    regl "^1.3.7"
    seed-random "^2.2.0"
    simplex-noise "^2.4.0"
    svg-path-contours "^2.0.0"

clone@^2.1.2:
  version "2.1.2"
  resolved "https://registry.yarnpkg.com/clone/-/clone-2.1.2.tgz#1b7f4b9f591f1e8f83670401600345a02887435f"
  integrity sha1-G39Ln1kfHo+DZwQBYANFoCiHQ18=

color-convert@~0.5.0:
  version "0.5.3"
  resolved "https://registry.yarnpkg.com/color-convert/-/color-convert-0.5.3.tgz#bdb6c69ce660fadffe0b0007cc447e1b9f7282bd"
  integrity sha1-vbbGnOZg+t/+CwAHzER+G59ygr0=

color-luminance@^2.1.0:
  version "2.1.0"
  resolved "https://registry.yarnpkg.com/color-luminance/-/color-luminance-2.1.0.tgz#58ff2ebd32b52d07f5378eefe5a0e79d6b318ad7"
  integrity sha1-WP8uvTK1LQf1N47v5aDnnWsxitc=

convert-length@^1.0.1:
  version "1.0.1"
  resolved "https://registry.yarnpkg.com/convert-length/-/convert-length-1.0.1.tgz#b66c7dc1f7d181916667c977f57be2f1eb17c1b7"
  integrity sha512-w94Vge3sck6J1NHuA0du367/JTbj1zfjTapX7ixR2W+KlU4zb+NRTbou3x9nTpm5vlcXmjoaUJQpVN9pULCdxQ==
  dependencies:
    defined "^1.0.0"

d3-path@^1.0.8:
  version "1.0.9"
  resolved "https://registry.yarnpkg.com/d3-path/-/d3-path-1.0.9.tgz#48c050bb1fe8c262493a8caf5524e3e9591701cf"
  integrity sha512-VLaYcn81dtHVTjEHd8B+pbe9yHWpXKZUC87PzoFmsFrJqgFwDe/qxfp5MlfsfM1V5E/iVt0MmEbWQ7FVIXh/bg==

dat.gui@^0.7.7:
  version "0.7.9"
  resolved "https://registry.yarnpkg.com/dat.gui/-/dat.gui-0.7.9.tgz#860cab06053b028e327820eabdf25a13cf07b17e"
  integrity sha512-sCNc1OHobc+Erc1HqiswYgHdVNpSJUlk/Hz8vzOCsER7rl+oF/4+v8GXFUyCgtXpoCX6+bnmg07DedLvBLwYKQ==

defined@^1.0.0:
  version "1.0.0"
  resolved "https://registry.yarnpkg.com/defined/-/defined-1.0.0.tgz#c98d9bcef75674188e110969151199e39b1fa693"
  integrity sha1-yY2bzvdWdBiOEQlpFRGZ45sfppM=

esbuild-android-arm64@0.14.23:
  version "0.14.23"
  resolved "https://registry.yarnpkg.com/esbuild-android-arm64/-/esbuild-android-arm64-0.14.23.tgz#c89b3c50b4f47668dcbeb0b34ee4615258818e71"
  integrity sha512-k9sXem++mINrZty1v4FVt6nC5BQCFG4K2geCIUUqHNlTdFnuvcqsY7prcKZLFhqVC1rbcJAr9VSUGFL/vD4vsw==

esbuild-darwin-64@0.14.23:
  version "0.14.23"
  resolved "https://registry.yarnpkg.com/esbuild-darwin-64/-/esbuild-darwin-64-0.14.23.tgz#1c131e8cb133ed935ca32f824349a117c896a15b"
  integrity sha512-lB0XRbtOYYL1tLcYw8BoBaYsFYiR48RPrA0KfA/7RFTr4MV7Bwy/J4+7nLsVnv9FGuQummM3uJ93J3ptaTqFug==

esbuild-darwin-arm64@0.14.23:
  version "0.14.23"
  resolved "https://registry.yarnpkg.com/esbuild-darwin-arm64/-/esbuild-darwin-arm64-0.14.23.tgz#3c6245a50109dd84953f53d7833bd3b4f0e8c6fa"
  integrity sha512-yat73Z/uJ5tRcfRiI4CCTv0FSnwErm3BJQeZAh+1tIP0TUNh6o+mXg338Zl5EKChD+YGp6PN+Dbhs7qa34RxSw==

esbuild-freebsd-64@0.14.23:
  version "0.14.23"
  resolved "https://registry.yarnpkg.com/esbuild-freebsd-64/-/esbuild-freebsd-64-0.14.23.tgz#0cdc54e72d3dd9cd992f9c2960055e68a7f8650c"
  integrity sha512-/1xiTjoLuQ+LlbfjJdKkX45qK/M7ARrbLmyf7x3JhyQGMjcxRYVR6Dw81uH3qlMHwT4cfLW4aEVBhP1aNV7VsA==

esbuild-freebsd-arm64@0.14.23:
  version "0.14.23"
  resolved "https://registry.yarnpkg.com/esbuild-freebsd-arm64/-/esbuild-freebsd-arm64-0.14.23.tgz#1d11faed3a0c429e99b7dddef84103eb509788b2"
  integrity sha512-uyPqBU/Zcp6yEAZS4LKj5jEE0q2s4HmlMBIPzbW6cTunZ8cyvjG6YWpIZXb1KK3KTJDe62ltCrk3VzmWHp+iLg==

esbuild-linux-32@0.14.23:
  version "0.14.23"
  resolved "https://registry.yarnpkg.com/esbuild-linux-32/-/esbuild-linux-32-0.14.23.tgz#fd9f033fc27dcab61100cb1eb1c936893a68c841"
  integrity sha512-37R/WMkQyUfNhbH7aJrr1uCjDVdnPeTHGeDhZPUNhfoHV0lQuZNCKuNnDvlH/u/nwIYZNdVvz1Igv5rY/zfrzQ==

esbuild-linux-64@0.14.23:
  version "0.14.23"
  resolved "https://registry.yarnpkg.com/esbuild-linux-64/-/esbuild-linux-64-0.14.23.tgz#c04c438514f1359ecb1529205d0c836d4165f198"
  integrity sha512-H0gztDP60qqr8zoFhAO64waoN5yBXkmYCElFklpd6LPoobtNGNnDe99xOQm28+fuD75YJ7GKHzp/MLCLhw2+vQ==

esbuild-linux-arm64@0.14.23:
  version "0.14.23"
  resolved "https://registry.yarnpkg.com/esbuild-linux-arm64/-/esbuild-linux-arm64-0.14.23.tgz#d1b3ab2988ab0734886eb9e811726f7db099ab96"
  integrity sha512-c4MLOIByNHR55n3KoYf9hYDfBRghMjOiHLaoYLhkQkIabb452RWi+HsNgB41sUpSlOAqfpqKPFNg7VrxL3UX9g==

esbuild-linux-arm@0.14.23:
  version "0.14.23"
  resolved "https://registry.yarnpkg.com/esbuild-linux-arm/-/esbuild-linux-arm-0.14.23.tgz#df7558b6a5076f5eb9fd387c8704f768b61d97fb"
  integrity sha512-x64CEUxi8+EzOAIpCUeuni0bZfzPw/65r8tC5cy5zOq9dY7ysOi5EVQHnzaxS+1NmV+/RVRpmrzGw1QgY2Xpmw==

esbuild-linux-mips64le@0.14.23:
  version "0.14.23"
  resolved "https://registry.yarnpkg.com/esbuild-linux-mips64le/-/esbuild-linux-mips64le-0.14.23.tgz#bb4c47fccc9493d460ffeb1f88e8a97a98a14f8b"
  integrity sha512-kHKyKRIAedYhKug2EJpyJxOUj3VYuamOVA1pY7EimoFPzaF3NeY7e4cFBAISC/Av0/tiV0xlFCt9q0HJ68IBIw==

esbuild-linux-ppc64le@0.14.23:
  version "0.14.23"
  resolved "https://registry.yarnpkg.com/esbuild-linux-ppc64le/-/esbuild-linux-ppc64le-0.14.23.tgz#a332dbc8a1b4e30cfe1261bfaa5cef57c9c8c02a"
  integrity sha512-7ilAiJEPuJJnJp/LiDO0oJm5ygbBPzhchJJh9HsHZzeqO+3PUzItXi+8PuicY08r0AaaOe25LA7sGJ0MzbfBag==

esbuild-linux-riscv64@0.14.23:
  version "0.14.23"
  resolved "https://registry.yarnpkg.com/esbuild-linux-riscv64/-/esbuild-linux-riscv64-0.14.23.tgz#85675f3f931f5cd7cfb238fd82f77a62ffcb6d86"
  integrity sha512-fbL3ggK2wY0D8I5raPIMPhpCvODFE+Bhb5QGtNP3r5aUsRR6TQV+ZBXIaw84iyvKC8vlXiA4fWLGhghAd/h/Zg==

esbuild-linux-s390x@0.14.23:
  version "0.14.23"
  resolved "https://registry.yarnpkg.com/esbuild-linux-s390x/-/esbuild-linux-s390x-0.14.23.tgz#a526282a696e6d846f4c628f5315475518c0c0f0"
  integrity sha512-GHMDCyfy7+FaNSO8RJ8KCFsnax8fLUsOrj9q5Gi2JmZMY0Zhp75keb5abTFCq2/Oy6KVcT0Dcbyo/bFb4rIFJA==

esbuild-netbsd-64@0.14.23:
  version "0.14.23"
  resolved "https://registry.yarnpkg.com/esbuild-netbsd-64/-/esbuild-netbsd-64-0.14.23.tgz#8e456605694719aa1be4be266d6cd569c06dfaf5"
  integrity sha512-ovk2EX+3rrO1M2lowJfgMb/JPN1VwVYrx0QPUyudxkxLYrWeBxDKQvc6ffO+kB4QlDyTfdtAURrVzu3JeNdA2g==

esbuild-openbsd-64@0.14.23:
  version "0.14.23"
  resolved "https://registry.yarnpkg.com/esbuild-openbsd-64/-/esbuild-openbsd-64-0.14.23.tgz#f2fc51714b4ddabc86e4eb30ca101dd325db2f7d"
  integrity sha512-uYYNqbVR+i7k8ojP/oIROAHO9lATLN7H2QeXKt2H310Fc8FJj4y3Wce6hx0VgnJ4k1JDrgbbiXM8rbEgQyg8KA==

esbuild-sunos-64@0.14.23:
  version "0.14.23"
  resolved "https://registry.yarnpkg.com/esbuild-sunos-64/-/esbuild-sunos-64-0.14.23.tgz#a408f33ea20e215909e20173a0fd78b1aaad1f8e"
  integrity sha512-hAzeBeET0+SbScknPzS2LBY6FVDpgE+CsHSpe6CEoR51PApdn2IB0SyJX7vGelXzlyrnorM4CAsRyb9Qev4h9g==

esbuild-windows-32@0.14.23:
  version "0.14.23"
  resolved "https://registry.yarnpkg.com/esbuild-windows-32/-/esbuild-windows-32-0.14.23.tgz#b9005bbff54dac3975ff355d5de2b5e37165d128"
  integrity sha512-Kttmi3JnohdaREbk6o9e25kieJR379TsEWF0l39PQVHXq3FR6sFKtVPgY8wk055o6IB+rllrzLnbqOw/UV60EA==

esbuild-windows-64@0.14.23:
  version "0.14.23"
  resolved "https://registry.yarnpkg.com/esbuild-windows-64/-/esbuild-windows-64-0.14.23.tgz#2b5a99befeaca6aefdad32d738b945730a60a060"
  integrity sha512-JtIT0t8ymkpl6YlmOl6zoSWL5cnCgyLaBdf/SiU/Eg3C13r0NbHZWNT/RDEMKK91Y6t79kTs3vyRcNZbfu5a8g==

esbuild-windows-arm64@0.14.23:
  version "0.14.23"
  resolved "https://registry.yarnpkg.com/esbuild-windows-arm64/-/esbuild-windows-arm64-0.14.23.tgz#edc560bbadb097eb45fc235aeacb942cb94a38c0"
  integrity sha512-cTFaQqT2+ik9e4hePvYtRZQ3pqOvKDVNarzql0VFIzhc0tru/ZgdLoXd6epLiKT+SzoSce6V9YJ+nn6RCn6SHw==

esbuild@^0.14.14:
  version "0.14.23"
  resolved "https://registry.yarnpkg.com/esbuild/-/esbuild-0.14.23.tgz#95e842cb22bc0c7d82c140adc16788aac91469fe"
  integrity sha512-XjnIcZ9KB6lfonCa+jRguXyRYcldmkyZ99ieDksqW/C8bnyEX299yA4QH2XcgijCgaddEZePPTgvx/2imsq7Ig==
  optionalDependencies:
    esbuild-android-arm64 "0.14.23"
    esbuild-darwin-64 "0.14.23"
    esbuild-darwin-arm64 "0.14.23"
    esbuild-freebsd-64 "0.14.23"
    esbuild-freebsd-arm64 "0.14.23"
    esbuild-linux-32 "0.14.23"
    esbuild-linux-64 "0.14.23"
    esbuild-linux-arm "0.14.23"
    esbuild-linux-arm64 "0.14.23"
    esbuild-linux-mips64le "0.14.23"
    esbuild-linux-ppc64le "0.14.23"
    esbuild-linux-riscv64 "0.14.23"
    esbuild-linux-s390x "0.14.23"
    esbuild-netbsd-64 "0.14.23"
    esbuild-openbsd-64 "0.14.23"
    esbuild-sunos-64 "0.14.23"
    esbuild-windows-32 "0.14.23"
    esbuild-windows-64 "0.14.23"
    esbuild-windows-arm64 "0.14.23"

float-hsl2rgb@^1.0.2:
  version "1.0.2"
  resolved "https://registry.yarnpkg.com/float-hsl2rgb/-/float-hsl2rgb-1.0.2.tgz#ecf3509c40ac6567c96a204622b0c4c4bf43c8a1"
  integrity sha1-7PNQnECsZWfJaiBGIrDExL9DyKE=

float-rgb2hsl@^1.0.1:
  version "1.0.1"
  resolved "https://registry.yarnpkg.com/float-rgb2hsl/-/float-rgb2hsl-1.0.1.tgz#8efeaa0fc726e53363a79bf3f636082055c10c0e"
  integrity sha1-jv6qD8cm5TNjp5vz9jYIIFXBDA4=

fsevents@~2.3.2:
  version "2.3.2"
  resolved "https://registry.yarnpkg.com/fsevents/-/fsevents-2.3.2.tgz#8a526f78b8fdf4623b709e0b975c52c24c02fd1a"
  integrity sha512-xiqMQR4xAeHTuB9uWm+fFRcIOgKBMiOBP+eXiyT7jsgVCq1bkVygt00oASowB7EdtpOHaaPgKt812P9ab+DDKA==

function-bind@^1.1.1:
  version "1.1.1"
  resolved "https://registry.yarnpkg.com/function-bind/-/function-bind-1.1.1.tgz#a56899d3ea3c9bab874bb9773b7c5ede92f4895d"
  integrity sha512-yIovAzMX49sF8Yl58fSCWJ5svSLuaibPxXQJFLmBObTuCr0Mf1KiPopGM9NiFjiYBCbfaa2Fh6breQ6ANVTI0A==

has@^1.0.3:
  version "1.0.3"
  resolved "https://registry.yarnpkg.com/has/-/has-1.0.3.tgz#722d7cbfc1f6aa8241f16dd814e011e1f41e8796"
  integrity sha512-f2dvO0VU6Oej7RkWJGrehjbzMAjFp5/VKPp5tTpWIV4JHHZK1/BxbFRtf/siA2SWTe09caDmVtYYzWEIbBS4zw==
  dependencies:
    function-bind "^1.1.1"

is-core-module@^2.8.1:
  version "2.8.1"
  resolved "https://registry.yarnpkg.com/is-core-module/-/is-core-module-2.8.1.tgz#f59fdfca701d5879d0a6b100a40aa1560ce27211"
  integrity sha512-SdNCUs284hr40hFTFP6l0IfZ/RSrMXF3qgoRHd3/79unUTvrFO/JoXwkGm+5J/Oe3E/b5GsnG330uUNgRpu1PA==
  dependencies:
    has "^1.0.3"

lineclip@^1.1.5:
  version "1.1.5"
  resolved "https://registry.yarnpkg.com/lineclip/-/lineclip-1.1.5.tgz#2bf26067d94354feabf91e42768236db5616fd13"
  integrity sha1-K/JgZ9lDVP6r+R5CdoI221YW/RM=

nanoid@^3.2.0:
  version "3.3.1"
  resolved "https://registry.yarnpkg.com/nanoid/-/nanoid-3.3.1.tgz#6347a18cac88af88f58af0b3594b723d5e99bb35"
  integrity sha512-n6Vs/3KGyxPQd6uO0eH4Bv0ojGSUvuLlIHtC3Y0kEO23YRge8H9x1GCzLn28YX0H66pMkxuaeESFq4tKISKwdw==

normalize-svg-path@^0.1.0:
  version "0.1.0"
  resolved "https://registry.yarnpkg.com/normalize-svg-path/-/normalize-svg-path-0.1.0.tgz#456360e60ece75fbef7b5d7e160480e7ffd16fe5"
  integrity sha1-RWNg5g7Odfvve11+FgSA5//Rb+U=

normalize-svg-path@^1.0.1:
  version "1.1.0"
  resolved "https://registry.yarnpkg.com/normalize-svg-path/-/normalize-svg-path-1.1.0.tgz#0e614eca23c39f0cffe821d6be6cd17e569a766c"
  integrity sha512-r9KHKG2UUeB5LoTouwDzBy2VxXlHsiM6fyLQvnJa0S5hrhzqElH/CH7TUGhT1fVvIYBIKf3OpY4YJ4CK+iaqHg==
  dependencies:
    svg-arc-to-cubic-bezier "^3.0.0"

parse-color@^1.0.0:
  version "1.0.0"
  resolved "https://registry.yarnpkg.com/parse-color/-/parse-color-1.0.0.tgz#7b748b95a83f03f16a94f535e52d7f3d94658619"
  integrity sha1-e3SLlag/A/FqlPU15S1/PZRlhhk=
  dependencies:
    color-convert "~0.5.0"

parse-svg-path@^0.1.2:
  version "0.1.2"
  resolved "https://registry.yarnpkg.com/parse-svg-path/-/parse-svg-path-0.1.2.tgz#7a7ec0d1eb06fa5325c7d3e009b859a09b5d49eb"
  integrity sha1-en7A0esG+lMlx9PgCbhZoJtdSes=

path-parse@^1.0.7:
  version "1.0.7"
  resolved "https://registry.yarnpkg.com/path-parse/-/path-parse-1.0.7.tgz#fbc114b60ca42b30d9daf5858e4bd68bbedb6735"
  integrity sha512-LDJzPVEEEPR+y48z93A0Ed0yXb8pAByGWo/k5YYdYgpY2/2EsOsksJrq7lOHxryrVOn1ejG6oAp8ahvOIQD8sw==

picocolors@^1.0.0:
  version "1.0.0"
  resolved "https://registry.yarnpkg.com/picocolors/-/picocolors-1.0.0.tgz#cb5bdc74ff3f51892236eaf79d68bc44564ab81c"
  integrity sha512-1fygroTLlHu66zi26VoTDv8yRgm0Fccecssto+MhsZ0D/DGW2sm8E8AjW7NU5VVTRt5GxbeZ5qBuJr+HyLYkjQ==

postcss@^8.4.6:
  version "8.4.6"
  resolved "https://registry.yarnpkg.com/postcss/-/postcss-8.4.6.tgz#c5ff3c3c457a23864f32cb45ac9b741498a09ae1"
  integrity sha512-OovjwIzs9Te46vlEx7+uXB0PLijpwjXGKXjVGGPIGubGpq7uh5Xgf6D6FiJ/SzJMBosHDp6a2hiXOS97iBXcaA==
  dependencies:
    nanoid "^3.2.0"
    picocolors "^1.0.0"
    source-map-js "^1.0.2"

primitive-quad@^2.0.0:
  version "2.0.0"
  resolved "https://registry.yarnpkg.com/primitive-quad/-/primitive-quad-2.0.0.tgz#c20993e4f9600238926bb500e529053043ef8aeb"
  integrity sha1-wgmT5PlgAjiSa7UA5SkFMEPvius=

redux@^4.1.2:
  version "4.1.2"
  resolved "https://registry.yarnpkg.com/redux/-/redux-4.1.2.tgz#140f35426d99bb4729af760afcf79eaaac407104"
  integrity sha512-SH8PglcebESbd/shgf6mii6EIoRM0zrQyjcuQ+ojmfxjTtE0z9Y8pa62iA/OJ58qjP6j27uyW4kUF4jl/jd6sw==
  dependencies:
    "@babel/runtime" "^7.9.2"

regenerator-runtime@^0.13.4:
  version "0.13.9"
  resolved "https://registry.yarnpkg.com/regenerator-runtime/-/regenerator-runtime-0.13.9.tgz#8925742a98ffd90814988d7566ad30ca3b263b52"
  integrity sha512-p3VT+cOEgxFsRRA9X4lkI1E+k2/CtnKtU4gcxyaCUreilL/vqI6CdZ3wxVUx3UOUg+gnUOQQcRI7BmSI656MYA==

regl@^1.3.7:
  version "1.7.0"
  resolved "https://registry.yarnpkg.com/regl/-/regl-1.7.0.tgz#0d185431044a356bf80e9b775b11b935ef2746d3"
  integrity sha512-bEAtp/qrtKucxXSJkD4ebopFZYP0q1+3Vb2WECWv/T8yQEgKxDxJ7ztO285tAMaYZVR6mM1GgI6CCn8FROtL1w==

resolve@^1.22.0:
  version "1.22.0"
  resolved "https://registry.yarnpkg.com/resolve/-/resolve-1.22.0.tgz#5e0b8c67c15df57a89bdbabe603a002f21731198"
  integrity sha512-Hhtrw0nLeSrFQ7phPp4OOcVjLPIeMnRlr5mcnVuMe7M/7eBn98A3hmFRLoFo3DLZkivSYwhRUJTyPyWAk56WLw==
  dependencies:
    is-core-module "^2.8.1"
    path-parse "^1.0.7"
    supports-preserve-symlinks-flag "^1.0.0"

rollup@^2.59.0:
  version "2.67.3"
  resolved "https://registry.yarnpkg.com/rollup/-/rollup-2.67.3.tgz#3f04391fc296f807d067c9081d173e0a33dbd37e"
  integrity sha512-G/x1vUwbGtP6O5ZM8/sWr8+p7YfZhI18pPqMRtMYMWSbHjKZ/ajHGiM+GWNTlWyOR0EHIdT8LHU+Z4ciIZ1oBw==
  optionalDependencies:
    fsevents "~2.3.2"

seed-random@^2.2.0:
  version "2.2.0"
  resolved "https://registry.yarnpkg.com/seed-random/-/seed-random-2.2.0.tgz#2a9b19e250a817099231a5b99a4daf80b7fbed54"
  integrity sha1-KpsZ4lCoFwmSMaW5mk2vgLf77VQ=

simplex-noise@^2.4.0:
  version "2.4.0"
  resolved "https://registry.yarnpkg.com/simplex-noise/-/simplex-noise-2.4.0.tgz#81b3458fb22dccc3bc8dd9a977c73797f86f523a"
  integrity sha512-OjyDWm/QZjVbMrPxDVi9b2as+SeNn9EBXlrWVRlFW+TSyWMSXouDryXkQN0vf5YP+QZKobrmkvx1eQYPLtuqfw==

simplex-noise@^3.0.0:
  version "3.0.1"
  resolved "https://registry.yarnpkg.com/simplex-noise/-/simplex-noise-3.0.1.tgz#ad94e7bb6e53a973139e8999348cb6123b3347ba"
  integrity sha512-eww0SFiWLyOaUKQMJ7gbdvQJvULeJdM/Y4BiC3rrOQnYHo+MSPh465/qeXSZkpTdB9/HthumpnYD3DobZweBBQ==

source-map-js@^1.0.2:
  version "1.0.2"
  resolved "https://registry.yarnpkg.com/source-map-js/-/source-map-js-1.0.2.tgz#adbc361d9c62df380125e7f161f71c826f1e490c"
  integrity sha512-R0XvVJ9WusLiqTCEiGCmICCMplcCkIwwR11mOSD9CR5u+IXYdiseeEuXCVAjS54zqwkLcPNnmU4OeJ6tUrWhDw==

stats.js@^0.17.0:
  version "0.17.0"
  resolved "https://registry.yarnpkg.com/stats.js/-/stats.js-0.17.0.tgz#b1c3dc46d94498b578b7fd3985b81ace7131cc7d"
  integrity sha1-scPcRtlEmLV4t/05hbgaznExzH0=

supports-preserve-symlinks-flag@^1.0.0:
  version "1.0.0"
  resolved "https://registry.yarnpkg.com/supports-preserve-symlinks-flag/-/supports-preserve-symlinks-flag-1.0.0.tgz#6eda4bd344a3c94aea376d4cc31bc77311039e09"
  integrity sha512-ot0WnXS9fgdkgIcePe6RHNk1WA8+muPa6cSjeR3V8K27q9BB1rTE3R1p7Hv0z1ZyAc8s6Vvv8DIyWf681MAt0w==

svg-arc-to-cubic-bezier@^3.0.0:
  version "3.2.0"
  resolved "https://registry.yarnpkg.com/svg-arc-to-cubic-bezier/-/svg-arc-to-cubic-bezier-3.2.0.tgz#390c450035ae1c4a0104d90650304c3bc814abe6"
  integrity sha512-djbJ/vZKZO+gPoSDThGNpKDO+o+bAeA4XQKovvkNCqnIS2t+S4qnLAGQhyyrulhCFRl1WWzAp0wUDV8PpTVU3g==

svg-path-contours@^2.0.0:
  version "2.0.0"
  resolved "https://registry.yarnpkg.com/svg-path-contours/-/svg-path-contours-2.0.0.tgz#c76a129429db05eb6d7b61e4d1c58d114a8938a2"
  integrity sha1-x2oSlCnbBette2Hk0cWNEUqJOKI=
  dependencies:
    abs-svg-path "^0.1.1"
    adaptive-bezier-curve "^1.0.3"
    normalize-svg-path "^0.1.0"
    vec2-copy "^1.0.0"

three@^0.137.5:
  version "0.137.5"
  resolved "https://registry.yarnpkg.com/three/-/three-0.137.5.tgz#a1e34bedd0412f2d8797112973dfadac78022ce6"
  integrity sha512-rTyr+HDFxjnN8+N/guZjDgfVxgHptZQpf6xfL/Mo7a5JYIFwK6tAq3bzxYYB4Ae0RosDZlDuP+X5aXDXz+XnHQ==

tslib@^2.3.1:
  version "2.3.1"
  resolved "https://registry.yarnpkg.com/tslib/-/tslib-2.3.1.tgz#e8a335add5ceae51aa261d32a490158ef042ef01"
  integrity sha512-77EbyPPpMz+FRFRuAFlWMtmgUWGe9UOG2Z25NqCwiIjRhOf5iKGuzSe5P2w1laq+FkRy4p+PCuVkJSGkzTEKVw==

vec2-copy@^1.0.0:
  version "1.0.0"
  resolved "https://registry.yarnpkg.com/vec2-copy/-/vec2-copy-1.0.0.tgz#c6eec1d8dad54625194e5f71f8433b62d2f20a7a"
  integrity sha1-xu7B2NrVRiUZTl9x+EM7YtLyCno=

vite@^2.7.0:
  version "2.8.4"
  resolved "https://registry.yarnpkg.com/vite/-/vite-2.8.4.tgz#4e52a534289b7b4e94e646df2fc5556ceaa7336b"
  integrity sha512-GwtOkkaT2LDI82uWZKcrpRQxP5tymLnC7hVHHqNkhFNknYr0hJUlDLfhVRgngJvAy3RwypkDCWtTKn1BjO96Dw==
  dependencies:
    esbuild "^0.14.14"
    postcss "^8.4.6"
    resolve "^1.22.0"
    rollup "^2.59.0"
  optionalDependencies:
    fsevents "~2.3.2"
